<?xml version="1.0" encoding="utf-8"?>
<Project ToolsVersion="4.0" xmlns="http://schemas.microsoft.com/developer/msbuild/2003">
  <ItemGroup>
    <Filter Include="Source Files">
      <UniqueIdentifier>{4FC737F1-C7A5-4376-A066-2A32D752A2FF}</UniqueIdentifier>
      <Extensions>cpp;c;cc;cxx;c++;cppm;ixx;def;odl;idl;hpj;bat;asm;asmx</Extensions>
    </Filter>
    <Filter Include="Source Files\cpp files">
      <UniqueIdentifier>{8d2bd329-1a4e-49fb-9192-d356d651826b}</UniqueIdentifier>
    </Filter>
    <Filter Include="Source Files\header files">
      <UniqueIdentifier>{329af247-2dc7-4386-9583-ef51048e5d60}</UniqueIdentifier>
    </Filter>
    <Filter Include="Source Files\header files\game">
      <UniqueIdentifier>{48891ed1-25d6-4c8a-9554-72aae4d9963a}</UniqueIdentifier>
    </Filter>
    <Filter Include="Source Files\cpp files\game">
      <UniqueIdentifier>{c59ba187-c41e-4754-949a-496831bad0af}</UniqueIdentifier>
    </Filter>
  </ItemGroup>
  <ItemGroup>
    <ClCompile Include="Blackjack.cpp">
      <Filter>Source Files\cpp files\game</Filter>
    </ClCompile>
    <ClCompile Include="DiceGame.cpp">
      <Filter>Source Files\cpp files\game</Filter>
    </ClCompile>
    <ClCompile Include="OddOrEven.cpp">
      <Filter>Source Files\cpp files\game</Filter>
    </ClCompile>
    <ClCompile Include="RockPaperScissors.cpp">
      <Filter>Source Files\cpp files\game</Filter>
    </ClCompile>
    <ClCompile Include="main.cpp">
      <Filter>Source Files\cpp files</Filter>
    </ClCompile>
    <ClCompile Include="Statistics.cpp">
      <Filter>Source Files\cpp files</Filter>
    </ClCompile>
    <ClCompile Include="Player.cpp">
      <Filter>Source Files\cpp files</Filter>
    </ClCompile>
    <ClCompile Include="GameFunctions.cpp">
      <Filter>Source Files\cpp files</Filter>
    </ClCompile>
    <ClCompile Include="Roulette.cpp">
      <Filter>Source Files\cpp files\game</Filter>
    </ClCompile>
  </ItemGroup>
  <ItemGroup>
    <ClInclude Include="Blackjack.h">
      <Filter>Source Files\header files\game</Filter>
    </ClInclude>
    <ClInclude Include="DiceGame.h">
      <Filter>Source Files\header files\game</Filter>
    </ClInclude>
    <ClInclude Include="OddOrEven.h">
      <Filter>Source Files\header files\game</Filter>
    </ClInclude>
    <ClInclude Include="RockPaperScissors.h">
      <Filter>Source Files\header files\game</Filter>
    </ClInclude>
    <ClInclude Include="Misc.h">
      <Filter>Source Files\header files</Filter>
    </ClInclude>
    <ClInclude Include="GameFunctions.h">
      <Filter>Source Files\header files</Filter>
    </ClInclude>
    <ClInclude Include="Player.h">
      <Filter>Source Files\header files</Filter>
    </ClInclude>
    <ClInclude Include="Statistics.h">
      <Filter>Source Files\header files</Filter>
    </ClInclude>
    <ClInclude Include="Roulette.h">
      <Filter>Source Files\header files\game</Filter>
    </ClInclude>
  </ItemGroup>
</Project>